
Microsoft Visual Studio Solution File, Format Version 12.00
# Visual Studio Version 17
VisualStudioVersion = 17.12.35527.113 d17.12
MinimumVisualStudioVersion = 10.0.40219.1
Project("{FAE04EC0-301F-11D3-BF4B-00C04F79EFBC}") = "ServiceLayer", "ServiceLayer\ServiceLayer.csproj", "{BC852BA3-FBF5-4768-92FF-65921DAD65FD}"
EndProject
Project("{FAE04EC0-301F-11D3-BF4B-00C04F79EFBC}") = "DataAccessLayer", "DataAccessLayer\DataAccessLayer.csproj", "{F4DCEF5F-3008-488D-BD1C-6B3C0BE22C0D}"
EndProject
Project("{FAE04EC0-301F-11D3-BF4B-00C04F79EFBC}") = "BusinessLayer", "BusinessLayer\BusinessLayer.csproj", "{F9FC30C1-A275-4ECE-A6BB-CEE53DDC3B94}"
EndProject
Project("{FAE04EC0-301F-11D3-BF4B-00C04F79EFBC}") = "DataTransferLayer", "DataTransferLayer\DataTransferLayer.csproj", "{6406AC37-FF67-4EE6-9AFE-28B512966FBC}"
EndProject
Global
	GlobalSection(SolutionConfigurationPlatforms) = preSolution
		Debug|Any CPU = Debug|Any CPU
		Release|Any CPU = Release|Any CPU
	EndGlobalSection
	GlobalSection(ProjectConfigurationPlatforms) = postSolution
		{BC852BA3-FBF5-4768-92FF-65921DAD65FD}.Debug|Any CPU.ActiveCfg = Debug|Any CPU
		{BC852BA3-FBF5-4768-92FF-65921DAD65FD}.Debug|Any CPU.Build.0 = Debug|Any CPU
		{BC852BA3-FBF5-4768-92FF-65921DAD65FD}.Release|Any CPU.ActiveCfg = Release|Any CPU
		{BC852BA3-FBF5-4768-92FF-65921DAD65FD}.Release|Any CPU.Build.0 = Release|Any CPU
		{F4DCEF5F-3008-488D-BD1C-6B3C0BE22C0D}.Debug|Any CPU.ActiveCfg = Debug|Any CPU
		{F4DCEF5F-3008-488D-BD1C-6B3C0BE22C0D}.Debug|Any CPU.Build.0 = Debug|Any CPU
		{F4DCEF5F-3008-488D-BD1C-6B3C0BE22C0D}.Release|Any CPU.ActiveCfg = Release|Any CPU
		{F4DCEF5F-3008-488D-BD1C-6B3C0BE22C0D}.Release|Any CPU.Build.0 = Release|Any CPU
		{F9FC30C1-A275-4ECE-A6BB-CEE53DDC3B94}.Debug|Any CPU.ActiveCfg = Debug|Any CPU
		{F9FC30C1-A275-4ECE-A6BB-CEE53DDC3B94}.Debug|Any CPU.Build.0 = Debug|Any CPU
		{F9FC30C1-A275-4ECE-A6BB-CEE53DDC3B94}.Release|Any CPU.ActiveCfg = Release|Any CPU
		{F9FC30C1-A275-4ECE-A6BB-CEE53DDC3B94}.Release|Any CPU.Build.0 = Release|Any CPU
		{6406AC37-FF67-4EE6-9AFE-28B512966FBC}.Debug|Any CPU.ActiveCfg = Debug|Any CPU
		{6406AC37-FF67-4EE6-9AFE-28B512966FBC}.Debug|Any CPU.Build.0 = Debug|Any CPU
		{6406AC37-FF67-4EE6-9AFE-28B512966FBC}.Release|Any CPU.ActiveCfg = Release|Any CPU
		{6406AC37-FF67-4EE6-9AFE-28B512966FBC}.Release|Any CPU.Build.0 = Release|Any CPU
	EndGlobalSection
	GlobalSection(SolutionProperties) = preSolution
		HideSolutionNode = FALSE
	EndGlobalSection
EndGlobal
